%{
  "git_lib_pkg": {:git, "https://github.com/jans-forks/elixir_lib", "83b72d4940b13cc68e70a32aa14eb624b29b880a", [tag: "v0.3.0"]},
  "lib_pkg": {:git, "https://github.com/jans-forks/elixir_lib", "83b72d4940b13cc68e70a32aa14eb624b29b880a", [tag: "v0.3.0"]},
  "ref_lib_branch": {:git, "https://github.com/jans-forks/elixir_lib", "83b72d4940b13cc68e70a32aa14eb624b29b880a", [ref: "83b72d4940b13cc68e70a32aa14eb624b29b880a"]},
  "ref_lib_pkg": {:git, "https://github.com/jans-forks/elixir_lib", "83b72d4940b13cc68e70a32aa14eb624b29b880a", [ref: "83b72d4940b13cc68e70a32aa14eb624b29b880a"]},
  "ref_lib_tag": {:git, "https://github.com/jans-forks/elixir_lib", "83b72d4940b13cc68e70a32aa14eb624b29b880a", [ref: "83b72d4940b13cc68e70a32aa14eb624b29b880a"]},
}
